{
  "lockfile_version": "1",
  "packages": {
    "actionlint@latest": {
      "last_modified": "2026-06-27T07:37:20Z",
      "resolved": "github:NixOS/nixpkgs/3d46470bb3030020f7e1361f33514854f5bfa86d#actionlint",
      "source": "devbox-search",
      "version": "1.7.12",
      "systems": {
        "aarch64-darwin": {
          "outputs": [
            {
              "name": "out",
              "path": "/nix/store/9qj0ikkqv66k52xs8fywmnzyg8zn2svm-actionlint-1.7.12",
              "default": true
            }
          ],
          "store_path": "/nix/store/9qj0ikkqv66k52xs8fywmnzyg8zn2svm-actionlint-1.7.12"
        },
        "aarch64-linux": {
          "outputs": [
            {
              "name": "out",
              "path": "/nix/store/31js4yryr1yjq4waygdlv2k5w5ks0s0n-actionlint-1.7.12",
              "default": true
            }
          ],
          "store_path": "/nix/store/31js4yryr1yjq4waygdlv2k5w5ks0s0n-actionlint-1.7.12"
        },
        "x86_64-darwin": {
          "outputs": [
            {
              "name": "out",
              "path": "/nix/store/w4rjv0ikr5r5x54w758c8ck2016nmzsx-actionlint-1.7.12",
              "default": true
            }
          ],
          "store_path": "/nix/store/w4rjv0ikr5r5x54w758c8ck2016nmzsx-actionlint-1.7.12"
        },
        "x86_64-linux": {
          "outputs": [
            {
              "name": "out",
              "path": "/nix/store/20imjbvi2q6z691fd5acg20mfx3aqvkj-actionlint-1.7.12",
              "default": true
            }
          ],
          "store_path": "/nix/store/20imjbvi2q6z691fd5acg20mfx3aqvkj-actionlint-1.7.12"
        }
      }
    },
    "bws@latest": {
      "last_modified": "2026-06-27T07:37:20Z",
      "resolved": "github:NixOS/nixpkgs/3d46470bb3030020f7e1361f33514854f5bfa86d#bws",
      "source": "devbox-search",
      "version": "2.1.0",
      "systems": {
        "aarch64-darwin": {
          "outputs": [
            {
              "name": "out",
              "path": "/nix/store/z02my00xwykraib70x555makzqz9zawy-bws-2.1.0",
              "default": true
            }
          ],
          "store_path": "/nix/store/z02my00xwykraib70x555makzqz9zawy-bws-2.1.0"
        },
        "aarch64-linux": {
          "outputs": [
            {
              "name": "out",
              "path": "/nix/store/bjrl2jaqsdhgq8r2jzszb2kp3qwvz353-bws-2.1.0",
              "default": true
            }
          ],
          "store_path": "/nix/store/bjrl2jaqsdhgq8r2jzszb2kp3qwvz353-bws-2.1.0"
        },
        "x86_64-darwin": {
          "outputs": [
            {
              "name": "out",
              "path": "/nix/store/qh9qkhd4ln1h5pgdhxijhf971m4s4nhs-bws-2.1.0",
              "default": true
            }
          ],
          "store_path": "/nix/store/qh9qkhd4ln1h5pgdhxijhf971m4s4nhs-bws-2.1.0"
        },
        "x86_64-linux": {
          "outputs": [
            {
              "name": "out",
              "path": "/nix/store/rk36dbp7r3i5i2iyflxpkfy7zq7dp2k1-bws-2.1.0",
              "default": true
            }
          ],
          "store_path": "/nix/store/rk36dbp7r3i5i2iyflxpkfy7zq7dp2k1-bws-2.1.0"
        }
      }
    },
    "docker@latest": {
      "last_modified": "2026-06-27T07:37:20Z",
      "resolved": "github:NixOS/nixpkgs/3d46470bb3030020f7e1361f33514854f5bfa86d#docker",
      "source": "devbox-search",
      "version": "29.6.0",
      "systems": {
        "aarch64-darwin": {
          "outputs": [
            {
              "name": "out",
              "path": "/nix/store/frswq58yrrahdr0p64s9cdbrcadlmpcz-docker-29.6.0",
              "default": true
            }
          ],
          "store_path": "/nix/store/frswq58yrrahdr0p64s9cdbrcadlmpcz-docker-29.6.0"
        },
        "aarch64-linux": {
          "outputs": [
            {
              "name": "out",
              "path": "/nix/store/7agvcxwq6vkpfaa7h2d6ghq5kpx76jnm-docker-29.6.0",
              "default": true
            }
          ],
          "store_path": "/nix/store/7agvcxwq6vkpfaa7h2d6ghq5kpx76jnm-docker-29.6.0"
        },
        "x86_64-darwin": {
          "outputs": [
            {
              "name": "out",
              "path": "/nix/store/ml22rn74bdqcxc00v7b7yvmg7hwj1ajr-docker-29.6.0",
              "default": true
            }
          ],
          "store_path": "/nix/store/ml22rn74bdqcxc00v7b7yvmg7hwj1ajr-docker-29.6.0"
        },
        "x86_64-linux": {
          "outputs": [
            {
              "name": "out",
              "path": "/nix/store/39wvm11rhrfzfz0zd6df2pzinv4av48s-docker-29.6.0",
              "default": true
            }
          ],
          "store_path": "/nix/store/39wvm11rhrfzfz0zd6df2pzinv4av48s-docker-29.6.0"
        }
      }
    },
    "fluxcd@latest": {
      "last_modified": "2026-06-27T07:37:20Z",
      "resolved": "github:NixOS/nixpkgs/3d46470bb3030020f7e1361f33514854f5bfa86d#fluxcd",
      "source": "devbox-search",
      "version": "2.8.8",
      "systems": {
        "aarch64-darwin": {
          "outputs": [
            {
              "name": "out",
              "path": "/nix/store/bvx0mkx6wj65hs16655n85x2mq004054-fluxcd-2.8.8",
              "default": true
            }
          ],
          "store_path": "/nix/store/bvx0mkx6wj65hs16655n85x2mq004054-fluxcd-2.8.8"
        },
        "aarch64-linux": {
          "outputs": [
            {
              "name": "out",
              "path": "/nix/store/yka1y2ri7pi3vl08jyk4payvw0h8qgc0-fluxcd-2.8.8",
              "default": true
            }
          ],
          "store_path": "/nix/store/yka1y2ri7pi3vl08jyk4payvw0h8qgc0-fluxcd-2.8.8"
        },
        "x86_64-darwin": {
          "outputs": [
            {
              "name": "out",
              "path": "/nix/store/6akax71ig6pv440g9lhiqq8k4ykfs5vm-fluxcd-2.8.8",
              "default": true
            }
          ],
          "store_path": "/nix/store/6akax71ig6pv440g9lhiqq8k4ykfs5vm-fluxcd-2.8.8"
        },
        "x86_64-linux": {
          "outputs": [
            {
              "name": "out",
              "path": "/nix/store/4xphz8xql8cnvp92j62ksrlxigppff72-fluxcd-2.8.8",
              "default": true
            }
          ],
          "store_path": "/nix/store/4xphz8xql8cnvp92j62ksrlxigppff72-fluxcd-2.8.8"
        }
      }
    },
    "gh@latest": {
      "last_modified": "2026-06-27T07:37:20Z",
      "resolved": "github:NixOS/nixpkgs/3d46470bb3030020f7e1361f33514854f5bfa86d#gh",
      "source": "devbox-search",
      "version": "2.95.0",
      "systems": {
        "aarch64-darwin": {
          "outputs": [
            {
              "name": "out",
              "path": "/nix/store/bm42hwfaaxl52ggr5ykj51hbrinmg4ic-gh-2.95.0",
              "default": true
            }
          ],
          "store_path": "/nix/store/bm42hwfaaxl52ggr5ykj51hbrinmg4ic-gh-2.95.0"
        },
        "aarch64-linux": {
          "outputs": [
            {
              "name": "out",
              "path": "/nix/store/n7kbzdvnj09rbcvpxcb2ajzyglwn51wa-gh-2.95.0",
              "default": true
            }
          ],
          "store_path": "/nix/store/n7kbzdvnj09rbcvpxcb2ajzyglwn51wa-gh-2.95.0"
        },
        "x86_64-darwin": {
          "outputs": [
            {
              "name": "out",
              "path": "/nix/store/mf9vjs2xy59kg87iyywkzszy00cz6a4n-gh-2.95.0",
              "default": true
            }
          ],
          "store_path": "/nix/store/mf9vjs2xy59kg87iyywkzszy00cz6a4n-gh-2.95.0"
        },
        "x86_64-linux": {
          "outputs": [
            {
              "name": "out",
              "path": "/nix/store/k8213mqprqmxbcd4mdmvbnqzlir1hb21-gh-2.95.0",
              "default": true
            }
          ],
          "store_path": "/nix/store/k8213mqprqmxbcd4mdmvbnqzlir1hb21-gh-2.95.0"
        }
      }
    },
    "github:NixOS/nixpkgs/nixpkgs-unstable": {
      "last_modified": "2026-07-05T01:29:37Z",
      "resolved": "github:NixOS/nixpkgs/6edbf1a6a03e75886a6609c088801a0856449e88?lastModified=1783214977"
    },
    "just@latest": {
      "last_modified": "2026-06-27T07:37:20Z",
      "resolved": "github:NixOS/nixpkgs/3d46470bb3030020f7e1361f33514854f5bfa86d#just",
      "source": "devbox-search",
      "version": "1.54.0",
      "systems": {
        "aarch64-darwin": {
          "outputs": [
            {
              "name": "out",
              "path": "/nix/store/gdbxf7azmrwyr00k313r888rw3gr6mfd-just-1.54.0",
              "default": true
            },
            {
              "name": "man",
              "path": "/nix/store/y0476rym2901gafsxcr29w07778qdbf5-just-1.54.0-man",
              "default": true
            },
            {
              "name": "doc",
              "path": "/nix/store/viaamsidc2a6i9hsk7sslcin5ccisiba-just-1.54.0-doc"
            }
          ],
          "store_path": "/nix/store/gdbxf7azmrwyr00k313r888rw3gr6mfd-just-1.54.0"
        },
        "aarch64-linux": {
          "outputs": [
            {
              "name": "out",
              "path": "/nix/store/gbw1366v4d2hp3lffvz3k4bvig8h79vp-just-1.54.0",
              "default": true
            },
            {
              "name": "man",
              "path": "/nix/store/fsx5gcfax6fhhyb1cxq2a6r6qn7604wd-just-1.54.0-man",
              "default": true
            },
            {
              "name": "doc",
              "path": "/nix/store/vakwrh7cdzs3c7rklgbz3r0ivdd7v6dq-just-1.54.0-doc"
            }
          ],
          "store_path": "/nix/store/gbw1366v4d2hp3lffvz3k4bvig8h79vp-just-1.54.0"
        },
        "x86_64-darwin": {
          "outputs": [
            {
              "name": "out",
              "path": "/nix/store/qlms9i3zdsqpfwmdslpkl2xdcs6k76ba-just-1.54.0",
              "default": true
            },
            {
              "name": "man",
              "path": "/nix/store/x78s7737cb11q36isfcd11h24jff2h2p-just-1.54.0-man",
              "default": true
            },
            {
              "name": "doc",
              "path": "/nix/store/br88ib3kmmiydm96k4c2m4nnmrgq3zcj-just-1.54.0-doc"
            }
          ],
          "store_path": "/nix/store/qlms9i3zdsqpfwmdslpkl2xdcs6k76ba-just-1.54.0"
        },
        "x86_64-linux": {
          "outputs": [
            {
              "name": "out",
              "path": "/nix/store/jkvmgfmklm7q60sd4jl56h0315kbgi27-just-1.54.0",
              "default": true
            },
            {
              "name": "man",
              "path": "/nix/store/8y75gr1mhidc6b7x56kalk5ydqni9bf4-just-1.54.0-man",
              "default": true
            },
            {
              "name": "doc",
              "path": "/nix/store/ghqfn9gcdravrniw7iacpb46g00wf1fk-just-1.54.0-doc"
            }
          ],
          "store_path": "/nix/store/jkvmgfmklm7q60sd4jl56h0315kbgi27-just-1.54.0"
        }
      }
    },
    "kind@latest": {
      "last_modified": "2026-06-27T07:37:20Z",
      "resolved": "github:NixOS/nixpkgs/3d46470bb3030020f7e1361f33514854f5bfa86d#kind",
      "source": "devbox-search",
      "version": "0.31.0",
      "systems": {
        "aarch64-darwin": {
          "outputs": [
            {
              "name": "out",
              "path": "/nix/store/zcbvwl33lj6xf1n0hmdgr54ricwx2b6p-kind-0.31.0",
              "default": true
            }
          ],
          "store_path": "/nix/store/zcbvwl33lj6xf1n0hmdgr54ricwx2b6p-kind-0.31.0"
        },
        "aarch64-linux": {
          "outputs": [
            {
              "name": "out",
              "path": "/nix/store/30ng1cid9rm0hass1sl4hj18jg3qbq72-kind-0.31.0",
              "default": true
            }
          ],
          "store_path": "/nix/store/30ng1cid9rm0hass1sl4hj18jg3qbq72-kind-0.31.0"
        },
        "x86_64-darwin": {
          "outputs": [
            {
              "name": "out",
              "path": "/nix/store/m2433l78a24pn3a2d02sp1j14jb2vg1x-kind-0.31.0",
              "default": true
            }
          ],
          "store_path": "/nix/store/m2433l78a24pn3a2d02sp1j14jb2vg1x-kind-0.31.0"
        },
        "x86_64-linux": {
          "outputs": [
            {
              "name": "out",
              "path": "/nix/store/nwazbvw2ykpnyaynixz9y5vq7vk3qmzj-kind-0.31.0",
              "default": true
            }
          ],
          "store_path": "/nix/store/nwazbvw2ykpnyaynixz9y5vq7vk3qmzj-kind-0.31.0"
        }
      }
    },
    "kubectl@latest": {
      "last_modified": "2026-06-27T07:37:20Z",
      "resolved": "github:NixOS/nixpkgs/3d46470bb3030020f7e1361f33514854f5bfa86d#kubectl",
      "source": "devbox-search",
      "version": "1.36.2",
      "systems": {
        "aarch64-darwin": {
          "outputs": [
            {
              "name": "out",
              "path": "/nix/store/5ffkf9jl4q5j8lc0hnjbzc8z0z13k2v0-kubectl-1.36.2",
              "default": true
            },
            {
              "name": "man",
              "path": "/nix/store/xkfjvrsbdm163clwd08ncqfkgsrdzad6-kubectl-1.36.2-man",
              "default": true
            },
            {
              "name": "convert",
              "path": "/nix/store/x3i9x1ky83wp5zyrcx3in6qq4vmj18p7-kubectl-1.36.2-convert"
            }
          ],
          "store_path": "/nix/store/5ffkf9jl4q5j8lc0hnjbzc8z0z13k2v0-kubectl-1.36.2"
        },
        "aarch64-linux": {
          "outputs": [
            {
              "name": "out",
              "path": "/nix/store/37b8wvibnxkxp54ndndacvi72a81ylsb-kubectl-1.36.2",
              "default": true
            },
            {
              "name": "man",
              "path": "/nix/store/78isckjhiww09qw1nyh05y4xpnwcmfa8-kubectl-1.36.2-man",
              "default": true
            },
            {
              "name": "convert",
              "path": "/nix/store/ri4mg6hc4686zdp8f73cns68fkfwsyq8-kubectl-1.36.2-convert"
            }
          ],
          "store_path": "/nix/store/37b8wvibnxkxp54ndndacvi72a81ylsb-kubectl-1.36.2"
        },
        "x86_64-darwin": {
          "outputs": [
            {
              "name": "out",
              "path": "/nix/store/2mzx35a2g3h1n4lpk0p6qm6dl83d2gi6-kubectl-1.36.2",
              "default": true
            },
            {
              "name": "man",
              "path": "/nix/store/8agbav6nsacbxb826wwhy27dckb60hhk-kubectl-1.36.2-man",
              "default": true
            },
            {
              "name": "convert",
              "path": "/nix/store/xavdplccjx28qkqadjgs7mnimc3sizjk-kubectl-1.36.2-convert"
            }
          ],
          "store_path": "/nix/store/2mzx35a2g3h1n4lpk0p6qm6dl83d2gi6-kubectl-1.36.2"
        },
        "x86_64-linux": {
          "outputs": [
            {
              "name": "out",
              "path": "/nix/store/3dd157118hzg4cmg87fg2mnjp3wkvrm8-kubectl-1.36.2",
              "default": true
            },
            {
              "name": "man",
              "path": "/nix/store/2g4hsvhjr30dyarlrqh2g1pg636bzlnr-kubectl-1.36.2-man",
              "default": true
            },
            {
              "name": "convert",
              "path": "/nix/store/rpqbz66l6znajvdmizzijf5skikh2ra2-kubectl-1.36.2-convert"
            }
          ],
          "store_path": "/nix/store/3dd157118hzg4cmg87fg2mnjp3wkvrm8-kubectl-1.36.2"
        }
      }
    },
    "ratchet@latest": {
      "last_modified": "2026-06-27T07:37:20Z",
      "resolved": "github:NixOS/nixpkgs/3d46470bb3030020f7e1361f33514854f5bfa86d#ratchet",
      "source": "devbox-search",
      "version": "0.11.4",
      "systems": {
        "aarch64-darwin": {
          "outputs": [
            {
              "name": "out",
              "path": "/nix/store/w7zdjas2q2lby57l3k43ib1m3nr1w59y-ratchet-0.11.4",
              "default": true
            }
          ],
          "store_path": "/nix/store/w7zdjas2q2lby57l3k43ib1m3nr1w59y-ratchet-0.11.4"
        },
        "aarch64-linux": {
          "outputs": [
            {
              "name": "out",
              "path": "/nix/store/arl8svs7gq6wyxshd7rnmhmdl3iz279s-ratchet-0.11.4",
              "default": true
            }
          ],
          "store_path": "/nix/store/arl8svs7gq6wyxshd7rnmhmdl3iz279s-ratchet-0.11.4"
        },
        "x86_64-darwin": {
          "outputs": [
            {
              "name": "out",
              "path": "/nix/store/0n196fh7zirdwflwfqpr9kjzsspfjqhf-ratchet-0.11.4",
              "default": true
            }
          ],
          "store_path": "/nix/store/0n196fh7zirdwflwfqpr9kjzsspfjqhf-ratchet-0.11.4"
        },
        "x86_64-linux": {
          "outputs": [
            {
              "name": "out",
              "path": "/nix/store/pyxh365c63wc0vb3ixvmv2xa4i9n09yc-ratchet-0.11.4",
              "default": true
            }
          ],
          "store_path": "/nix/store/pyxh365c63wc0vb3ixvmv2xa4i9n09yc-ratchet-0.11.4"
        }
      }
    },
    "shellcheck@latest": {
      "last_modified": "2026-06-27T07:37:20Z",
      "resolved": "github:NixOS/nixpkgs/3d46470bb3030020f7e1361f33514854f5bfa86d#shellcheck",
      "source": "devbox-search",
      "version": "0.11.0",
      "systems": {
        "aarch64-darwin": {
          "outputs": [
            {
              "name": "bin",
              "path": "/nix/store/py6hpk9rm5vh16dn0sifa3wpmsl0kl67-shellcheck-0.11.0-bin",
              "default": true
            },
            {
              "name": "man",
              "path": "/nix/store/lwd2gr8083jfif5xb8h7jj396dvr6kdd-shellcheck-0.11.0-man",
              "default": true
            },
            {
              "name": "doc",
              "path": "/nix/store/bf4yd8vzhafk7nknzjjz5awvkqvyfspc-shellcheck-0.11.0-doc",
              "default": true
            },
            {
              "name": "out",
              "path": "/nix/store/7qi1h6hbr1ybpz9xyh4j38vrki1xc2z4-shellcheck-0.11.0"
            }
          ],
          "store_path": "/nix/store/py6hpk9rm5vh16dn0sifa3wpmsl0kl67-shellcheck-0.11.0-bin"
        },
        "aarch64-linux": {
          "outputs": [
            {
              "name": "bin",
              "path": "/nix/store/ydbg36fc5vvgc4k60d38vj95741wvv28-shellcheck-0.11.0-bin",
              "default": true
            },
            {
              "name": "man",
              "path": "/nix/store/l3202mccjm3iz9m0myddbmvhiy8nkp9m-shellcheck-0.11.0-man",
              "default": true
            },
            {
              "name": "doc",
              "path": "/nix/store/dmj404h7ac342mrnj5dfdych83cd6r6c-shellcheck-0.11.0-doc",
              "default": true
            },
            {
              "name": "out",
              "path": "/nix/store/yyy8s43483p5ww6v09kal0kidb7kxvmk-shellcheck-0.11.0"
            }
          ],
          "store_path": "/nix/store/ydbg36fc5vvgc4k60d38vj95741wvv28-shellcheck-0.11.0-bin"
        },
        "x86_64-darwin": {
          "outputs": [
            {
              "name": "bin",
              "path": "/nix/store/68yldspq5p1gxa79ghprb1njskk36ax2-shellcheck-0.11.0-bin",
              "default": true
            },
            {
              "name": "man",
              "path": "/nix/store/90d8x14kmdq8fa12d5azjwdnp4z55q8b-shellcheck-0.11.0-man",
              "default": true
            },
            {
              "name": "doc",
              "path": "/nix/store/4sk9v7wwdh2sia6wi3rknvvvm52wqg6r-shellcheck-0.11.0-doc",
              "default": true
            },
            {
              "name": "out",
              "path": "/nix/store/crl9a7fkfbpjbzgwj5nwpj57bmj7z940-shellcheck-0.11.0"
            }
          ],
          "store_path": "/nix/store/68yldspq5p1gxa79ghprb1njskk36ax2-shellcheck-0.11.0-bin"
        },
        "x86_64-linux": {
          "outputs": [
            {
              "name": "bin",
              "path": "/nix/store/vwvvnr1qxpwn0vffbsn8bkviqcgicizr-shellcheck-0.11.0-bin",
              "default": true
            },
            {
              "name": "man",
              "path": "/nix/store/g6cz58h4p7dasw30y0qrk0xwdp5595qv-shellcheck-0.11.0-man",
              "default": true
            },
            {
              "name": "doc",
              "path": "/nix/store/wm6ncb99697pw9px9dpnx4vdq7mjskq2-shellcheck-0.11.0-doc",
              "default": true
            },
            {
              "name": "out",
              "path": "/nix/store/gykrz50q65f9jrljvd9bds46irfbd0bh-shellcheck-0.11.0"
            }
          ],
          "store_path": "/nix/store/vwvvnr1qxpwn0vffbsn8bkviqcgicizr-shellcheck-0.11.0-bin"
        }
      }
    },
    "uv@latest": {
      "last_modified": "2026-06-28T17:12:19Z",
      "resolved": "github:NixOS/nixpkgs/534ee3d8beb1737b5342995f8837e2b2705ce0d8#uv",
      "source": "devbox-search",
      "version": "0.11.25",
      "systems": {
        "aarch64-darwin": {
          "outputs": [
            {
              "name": "out",
              "path": "/nix/store/f0kyi2i8xrfx7i405n5qy97kr0y5b2wv-uv-0.11.25",
              "default": true
            }
          ],
          "store_path": "/nix/store/f0kyi2i8xrfx7i405n5qy97kr0y5b2wv-uv-0.11.25"
        },
        "aarch64-linux": {
          "outputs": [
            {
              "name": "out",
              "path": "/nix/store/8qd81vygrwkvp8ndg3ihj9wq3pl97hfd-uv-0.11.25",
              "default": true
            }
          ],
          "store_path": "/nix/store/8qd81vygrwkvp8ndg3ihj9wq3pl97hfd-uv-0.11.25"
        },
        "x86_64-darwin": {
          "outputs": [
            {
              "name": "out",
              "path": "/nix/store/z4dcs3l0khfc2hky62bhy6v45lmysdvz-uv-0.11.25",
              "default": true
            }
          ],
          "store_path": "/nix/store/z4dcs3l0khfc2hky62bhy6v45lmysdvz-uv-0.11.25"
        },
        "x86_64-linux": {
          "outputs": [
            {
              "name": "out",
              "path": "/nix/store/cgvijxnmydknslkl368k4j4j43akvl8b-uv-0.11.25",
              "default": true
            }
          ],
          "store_path": "/nix/store/cgvijxnmydknslkl368k4j4j43akvl8b-uv-0.11.25"
        }
      }
    },
    "yamllint@latest": {
      "last_modified": "2026-06-27T07:37:20Z",
      "resolved": "github:NixOS/nixpkgs/3d46470bb3030020f7e1361f33514854f5bfa86d#yamllint",
      "source": "devbox-search",
      "version": "1.37.1",
      "systems": {
        "aarch64-darwin": {
          "outputs": [
            {
              "name": "out",
              "path": "/nix/store/7n3n0i63y8rlapg3lkm2yn3mikks5s05-python3.13-yamllint-1.37.1",
              "default": true
            },
            {
              "name": "dist",
              "path": "/nix/store/8fm1gafz0i7l04l9gsg9479p0dqwa2fk-python3.13-yamllint-1.37.1-dist"
            }
          ],
          "store_path": "/nix/store/7n3n0i63y8rlapg3lkm2yn3mikks5s05-python3.13-yamllint-1.37.1"
        },
        "aarch64-linux": {
          "outputs": [
            {
              "name": "out",
              "path": "/nix/store/fq895h2hsh25fjyiq56zzilll2dbr88g-python3.13-yamllint-1.37.1",
              "default": true
            },
            {
              "name": "dist",
              "path": "/nix/store/nvc7bs1qiw7b336wyj0rv0c299yg6390-python3.13-yamllint-1.37.1-dist"
            }
          ],
          "store_path": "/nix/store/fq895h2hsh25fjyiq56zzilll2dbr88g-python3.13-yamllint-1.37.1"
        },
        "x86_64-darwin": {
          "outputs": [
            {
              "name": "out",
              "path": "/nix/store/bif9hvk42ynby7sdw88lax0j51kzlr2n-python3.13-yamllint-1.37.1",
              "default": true
            },
            {
              "name": "dist",
              "path": "/nix/store/qa1dq7xly19afgn165nf6572b3q61w1s-python3.13-yamllint-1.37.1-dist"
            }
          ],
          "store_path": "/nix/store/bif9hvk42ynby7sdw88lax0j51kzlr2n-python3.13-yamllint-1.37.1"
        },
        "x86_64-linux": {
          "outputs": [
            {
              "name": "out",
              "path": "/nix/store/rqh0f80yadayvb2wx5jbrwsn3j1ns4fd-python3.13-yamllint-1.37.1",
              "default": true
            },
            {
              "name": "dist",
              "path": "/nix/store/jcy4afhhfvygjqr41cs0i4647s05n9f2-python3.13-yamllint-1.37.1-dist"
            }
          ],
          "store_path": "/nix/store/rqh0f80yadayvb2wx5jbrwsn3j1ns4fd-python3.13-yamllint-1.37.1"
        }
      }
    }
  }
}
